
Microsoft Visual Studio Solution File, Format Version 12.00
# Visual Studio Version 17
VisualStudioVersion = 17.4.33122.133
MinimumVisualStudioVersion = 10.0.40219.1
Project("{FAE04EC0-301F-11D3-BF4B-00C04F79EFBC}") = "Neiroseti", "Neiroseti.csproj", "{912427A3-9334-42CB-96CE-4FE3B2641349}"
EndProject
Global
	GlobalSection(SolutionConfigurationPlatforms) = preSolution
		Debug|Any CPU = Debug|Any CPU
		Release|Any CPU = Release|Any CPU
	EndGlobalSection
	GlobalSection(ProjectConfigurationPlatforms) = postSolution
		{912427A3-9334-42CB-96CE-4FE3B2641349}.Debug|Any CPU.ActiveCfg = Debug|Any CPU
		{912427A3-9334-42CB-96CE-4FE3B2641349}.Debug|Any CPU.Build.0 = Debug|Any CPU
		{912427A3-9334-42CB-96CE-4FE3B2641349}.Release|Any CPU.ActiveCfg = Release|Any CPU
		{912427A3-9334-42CB-96CE-4FE3B2641349}.Release|Any CPU.Build.0 = Release|Any CPU
	EndGlobalSection
	GlobalSection(SolutionProperties) = preSolution
		HideSolutionNode = FALSE
	EndGlobalSection
	GlobalSection(ExtensibilityGlobals) = postSolution
		SolutionGuid = {BB56BCA2-4B2C-47D5-9855-A4B649D4533C}
	EndGlobalSection
EndGlobal
